
Microsoft Visual Studio Solution File, Format Version 12.00
# Visual Studio 15
VisualStudioVersion = 15.0.28307.271
MinimumVisualStudioVersion = 10.0.40219.1
Project("{FAE04EC0-301F-11D3-BF4B-00C04F79EFBC}") = "Stage.AlienTrick", "Stage.AlienTrick\Stage.AlienTrick.csproj", "{428D3CA6-B2CF-41BC-BD9D-BC63B808F119}"
EndProject
Global
	GlobalSection(SolutionConfigurationPlatforms) = preSolution
		Debug|Any CPU = Debug|Any CPU
		Release|Any CPU = Release|Any CPU
	EndGlobalSection
	GlobalSection(ProjectConfigurationPlatforms) = postSolution
		{428D3CA6-B2CF-41BC-BD9D-BC63B808F119}.Debug|Any CPU.ActiveCfg = Debug|Any CPU
		{428D3CA6-B2CF-41BC-BD9D-BC63B808F119}.Debug|Any CPU.Build.0 = Debug|Any CPU
		{428D3CA6-B2CF-41BC-BD9D-BC63B808F119}.Release|Any CPU.ActiveCfg = Release|Any CPU
		{428D3CA6-B2CF-41BC-BD9D-BC63B808F119}.Release|Any CPU.Build.0 = Release|Any CPU
	EndGlobalSection
	GlobalSection(SolutionProperties) = preSolution
		HideSolutionNode = FALSE
	EndGlobalSection
	GlobalSection(ExtensibilityGlobals) = postSolution
		SolutionGuid = {DA8D9E26-0E00-44FC-8990-366BBCD0B6E0}
	EndGlobalSection
EndGlobal
